Microsoft Visual Studio Solution File, Format Version 12.00
# Visual Studio Version 17
VisualStudioVersion = 17.5.2.0
MinimumVisualStudioVersion = 10.0.40219.1
Project("{2150E333-8FDC-42A3-9474-1A3956D46DE8}") = "tests", "tests", "{0AB3BF05-4346-4AA6-1389-037BE0695223}"
EndProject
Project("{2150E333-8FDC-42A3-9474-1A3956D46DE8}") = "UiTests", "UiTests", "{72A63B66-E065-B885-461D-4A6DE8054180}"
EndProject
Project("{FAE04EC0-301F-11D3-BF4B-00C04F79EFBC}") = "UiTests", "tests\UiTests\UiTests\UiTests.csproj", "{4AC64E94-87E3-D7D5-EF8D-484FF27D0288}"
EndProject
Global
	GlobalSection(SolutionConfigurationPlatforms) = preSolution
		Debug|Any CPU = Debug|Any CPU
		Release|Any CPU = Release|Any CPU
	EndGlobalSection
	GlobalSection(ProjectConfigurationPlatforms) = postSolution
		{4AC64E94-87E3-D7D5-EF8D-484FF27D0288}.Debug|Any CPU.ActiveCfg = Debug|Any CPU
		{4AC64E94-87E3-D7D5-EF8D-484FF27D0288}.Debug|Any CPU.Build.0 = Debug|Any CPU
		{4AC64E94-87E3-D7D5-EF8D-484FF27D0288}.Release|Any CPU.ActiveCfg = Release|Any CPU
		{4AC64E94-87E3-D7D5-EF8D-484FF27D0288}.Release|Any CPU.Build.0 = Release|Any CPU
	EndGlobalSection
	GlobalSection(SolutionProperties) = preSolution
		HideSolutionNode = FALSE
	EndGlobalSection
	GlobalSection(NestedProjects) = preSolution
		{72A63B66-E065-B885-461D-4A6DE8054180} = {0AB3BF05-4346-4AA6-1389-037BE0695223}
		{4AC64E94-87E3-D7D5-EF8D-484FF27D0288} = {72A63B66-E065-B885-461D-4A6DE8054180}
	EndGlobalSection
	GlobalSection(ExtensibilityGlobals) = postSolution
		SolutionGuid = {BAB3D935-5B01-4203-BD65-FFC42101B473}
	EndGlobalSection
EndGlobal
